
Microsoft Visual Studio Solution File, Format Version 12.00
# Visual Studio Version 17
VisualStudioVersion = 17.12.35521.163 d17.12
MinimumVisualStudioVersion = 10.0.40219.1
Project("{FAE04EC0-301F-11D3-BF4B-00C04F79EFBC}") = "Abstract Factory", "Abstract Factory\Abstract Factory.csproj", "{5B915AD0-1D6F-47A8-B917-0EB38F0B0199}"
EndProject
Project("{FAE04EC0-301F-11D3-BF4B-00C04F79EFBC}") = "Builder", "..\Builder\Builder\Builder.csproj", "{1F309789-11B4-4284-BE1B-22F508BBB813}"
EndProject
Project("{FAE04EC0-301F-11D3-BF4B-00C04F79EFBC}") = "Prototype", "..\Prototype\Prototype\Prototype.csproj", "{078F3EB3-B743-410F-95B6-7AE315E6E6EB}"
EndProject
Project("{FAE04EC0-301F-11D3-BF4B-00C04F79EFBC}") = "LiquidacionPension", "..\..\..\Semana 3\Ejercicio en Clase\Ejercicio 2 - Liquidacion Pension\LiquidacionPension\LiquidacionPension.csproj", "{5837ABA2-F17E-4EA6-A053-25BC50A0EC1A}"
EndProject
Global
	GlobalSection(SolutionConfigurationPlatforms) = preSolution
		Debug|Any CPU = Debug|Any CPU
		Release|Any CPU = Release|Any CPU
	EndGlobalSection
	GlobalSection(ProjectConfigurationPlatforms) = postSolution
		{5B915AD0-1D6F-47A8-B917-0EB38F0B0199}.Debug|Any CPU.ActiveCfg = Debug|Any CPU
		{5B915AD0-1D6F-47A8-B917-0EB38F0B0199}.Debug|Any CPU.Build.0 = Debug|Any CPU
		{5B915AD0-1D6F-47A8-B917-0EB38F0B0199}.Release|Any CPU.ActiveCfg = Release|Any CPU
		{5B915AD0-1D6F-47A8-B917-0EB38F0B0199}.Release|Any CPU.Build.0 = Release|Any CPU
		{1F309789-11B4-4284-BE1B-22F508BBB813}.Debug|Any CPU.ActiveCfg = Debug|Any CPU
		{1F309789-11B4-4284-BE1B-22F508BBB813}.Debug|Any CPU.Build.0 = Debug|Any CPU
		{1F309789-11B4-4284-BE1B-22F508BBB813}.Release|Any CPU.ActiveCfg = Release|Any CPU
		{1F309789-11B4-4284-BE1B-22F508BBB813}.Release|Any CPU.Build.0 = Release|Any CPU
		{078F3EB3-B743-410F-95B6-7AE315E6E6EB}.Debug|Any CPU.ActiveCfg = Debug|Any CPU
		{078F3EB3-B743-410F-95B6-7AE315E6E6EB}.Debug|Any CPU.Build.0 = Debug|Any CPU
		{078F3EB3-B743-410F-95B6-7AE315E6E6EB}.Release|Any CPU.ActiveCfg = Release|Any CPU
		{078F3EB3-B743-410F-95B6-7AE315E6E6EB}.Release|Any CPU.Build.0 = Release|Any CPU
		{5837ABA2-F17E-4EA6-A053-25BC50A0EC1A}.Debug|Any CPU.ActiveCfg = Debug|Any CPU
		{5837ABA2-F17E-4EA6-A053-25BC50A0EC1A}.Debug|Any CPU.Build.0 = Debug|Any CPU
		{5837ABA2-F17E-4EA6-A053-25BC50A0EC1A}.Release|Any CPU.ActiveCfg = Release|Any CPU
		{5837ABA2-F17E-4EA6-A053-25BC50A0EC1A}.Release|Any CPU.Build.0 = Release|Any CPU
	EndGlobalSection
	GlobalSection(SolutionProperties) = preSolution
		HideSolutionNode = FALSE
	EndGlobalSection
EndGlobal
